
Microsoft Visual Studio Solution File, Format Version 12.00
# Visual Studio Version 17
VisualStudioVersion = 17.7.34018.315
MinimumVisualStudioVersion = 10.0.40219.1
Project("{9A19103F-16F7-4668-BE54-9A1E7A4F7556}") = "TextGenerator.Interfaces", "TextGenerator.Interfaces\TextGenerator.Interfaces.csproj", "{B10C357A-299A-406C-933E-87C2C53A7D87}"
EndProject
Project("{9A19103F-16F7-4668-BE54-9A1E7A4F7556}") = "TextGenerator.Models", "TextGenerator.Models\TextGenerator.Models.csproj", "{51BF53CC-BD94-4ED3-8553-E709247F7A41}"
EndProject
Project("{9A19103F-16F7-4668-BE54-9A1E7A4F7556}") = "TextGenerator.Api", "TextGenerator.Api\TextGenerator.Api.csproj", "{F43B3168-4CA2-4CB8-9FD4-B88E09538810}"
EndProject
Project("{9A19103F-16F7-4668-BE54-9A1E7A4F7556}") = "TextGenerator.Client", "TextGenerator.Client\TextGenerator.Client.csproj", "{FFEE4B60-A2AD-4BEE-882C-159A8B9A4CFC}"
EndProject
Project("{9A19103F-16F7-4668-BE54-9A1E7A4F7556}") = "TextGenerator.Tests", "TextGenerator.Tests\TextGenerator.Tests.csproj", "{BB7627F0-D02A-4122-BE38-2F9D7E545F0C}"
EndProject
Project("{FAE04EC0-301F-11D3-BF4B-00C04F79EFBC}") = "TextGenerator.Web.Api", "TextGenerator.Web.Api\TextGenerator.Web.Api.csproj", "{D33111C4-C355-483E-81EB-C02F83B1F4E2}"
EndProject
Project("{FAE04EC0-301F-11D3-BF4B-00C04F79EFBC}") = "TextGenerator.Client.WinUi3", "TextGenerator.Client.WinUi3\TextGenerator.Client.WinUi3.csproj", "{320BB4CC-3A5D-41AE-8348-FBD2DFBE5B19}"
EndProject
Project("{FAE04EC0-301F-11D3-BF4B-00C04F79EFBC}") = "TextGenerator.Client.Swag", "TextGenerator.Client.Swag\TextGenerator.Client.Swag.csproj", "{06896A70-95D9-45ED-A92C-86654586830D}"
EndProject
Global
	GlobalSection(SolutionConfigurationPlatforms) = preSolution
		Debug|Any CPU = Debug|Any CPU
		Debug|ARM64 = Debug|ARM64
		Debug|x64 = Debug|x64
		Debug|x86 = Debug|x86
		Release|Any CPU = Release|Any CPU
		Release|ARM64 = Release|ARM64
		Release|x64 = Release|x64
		Release|x86 = Release|x86
	EndGlobalSection
	GlobalSection(ProjectConfigurationPlatforms) = postSolution
		{B10C357A-299A-406C-933E-87C2C53A7D87}.Debug|Any CPU.ActiveCfg = Debug|Any CPU
		{B10C357A-299A-406C-933E-87C2C53A7D87}.Debug|Any CPU.Build.0 = Debug|Any CPU
		{B10C357A-299A-406C-933E-87C2C53A7D87}.Debug|ARM64.ActiveCfg = Debug|Any CPU
		{B10C357A-299A-406C-933E-87C2C53A7D87}.Debug|ARM64.Build.0 = Debug|Any CPU
		{B10C357A-299A-406C-933E-87C2C53A7D87}.Debug|x64.ActiveCfg = Debug|Any CPU
		{B10C357A-299A-406C-933E-87C2C53A7D87}.Debug|x64.Build.0 = Debug|Any CPU
		{B10C357A-299A-406C-933E-87C2C53A7D87}.Debug|x86.ActiveCfg = Debug|Any CPU
		{B10C357A-299A-406C-933E-87C2C53A7D87}.Debug|x86.Build.0 = Debug|Any CPU
		{B10C357A-299A-406C-933E-87C2C53A7D87}.Release|Any CPU.ActiveCfg = Release|Any CPU
		{B10C357A-299A-406C-933E-87C2C53A7D87}.Release|Any CPU.Build.0 = Release|Any CPU
		{B10C357A-299A-406C-933E-87C2C53A7D87}.Release|ARM64.ActiveCfg = Release|Any CPU
		{B10C357A-299A-406C-933E-87C2C53A7D87}.Release|ARM64.Build.0 = Release|Any CPU
		{B10C357A-299A-406C-933E-87C2C53A7D87}.Release|x64.ActiveCfg = Release|Any CPU
		{B10C357A-299A-406C-933E-87C2C53A7D87}.Release|x64.Build.0 = Release|Any CPU
		{B10C357A-299A-406C-933E-87C2C53A7D87}.Release|x86.ActiveCfg = Release|Any CPU
		{B10C357A-299A-406C-933E-87C2C53A7D87}.Release|x86.Build.0 = Release|Any CPU
		{51BF53CC-BD94-4ED3-8553-E709247F7A41}.Debug|Any CPU.ActiveCfg = Debug|Any CPU
		{51BF53CC-BD94-4ED3-8553-E709247F7A41}.Debug|Any CPU.Build.0 = Debug|Any CPU
		{51BF53CC-BD94-4ED3-8553-E709247F7A41}.Debug|ARM64.ActiveCfg = Debug|Any CPU
		{51BF53CC-BD94-4ED3-8553-E709247F7A41}.Debug|ARM64.Build.0 = Debug|Any CPU
		{51BF53CC-BD94-4ED3-8553-E709247F7A41}.Debug|x64.ActiveCfg = Debug|Any CPU
		{51BF53CC-BD94-4ED3-8553-E709247F7A41}.Debug|x64.Build.0 = Debug|Any CPU
		{51BF53CC-BD94-4ED3-8553-E709247F7A41}.Debug|x86.ActiveCfg = Debug|Any CPU
		{51BF53CC-BD94-4ED3-8553-E709247F7A41}.Debug|x86.Build.0 = Debug|Any CPU
		{51BF53CC-BD94-4ED3-8553-E709247F7A41}.Release|Any CPU.ActiveCfg = Release|Any CPU
		{51BF53CC-BD94-4ED3-8553-E709247F7A41}.Release|Any CPU.Build.0 = Release|Any CPU
		{51BF53CC-BD94-4ED3-8553-E709247F7A41}.Release|ARM64.ActiveCfg = Release|Any CPU
		{51BF53CC-BD94-4ED3-8553-E709247F7A41}.Release|ARM64.Build.0 = Release|Any CPU
		{51BF53CC-BD94-4ED3-8553-E709247F7A41}.Release|x64.ActiveCfg = Release|Any CPU
		{51BF53CC-BD94-4ED3-8553-E709247F7A41}.Release|x64.Build.0 = Release|Any CPU
		{51BF53CC-BD94-4ED3-8553-E709247F7A41}.Release|x86.ActiveCfg = Release|Any CPU
		{51BF53CC-BD94-4ED3-8553-E709247F7A41}.Release|x86.Build.0 = Release|Any CPU
		{F43B3168-4CA2-4CB8-9FD4-B88E09538810}.Debug|Any CPU.ActiveCfg = Debug|Any CPU
		{F43B3168-4CA2-4CB8-9FD4-B88E09538810}.Debug|Any CPU.Build.0 = Debug|Any CPU
		{F43B3168-4CA2-4CB8-9FD4-B88E09538810}.Debug|ARM64.ActiveCfg = Debug|Any CPU
		{F43B3168-4CA2-4CB8-9FD4-B88E09538810}.Debug|ARM64.Build.0 = Debug|Any CPU
		{F43B3168-4CA2-4CB8-9FD4-B88E09538810}.Debug|x64.ActiveCfg = Debug|Any CPU
		{F43B3168-4CA2-4CB8-9FD4-B88E09538810}.Debug|x64.Build.0 = Debug|Any CPU
		{F43B3168-4CA2-4CB8-9FD4-B88E09538810}.Debug|x86.ActiveCfg = Debug|Any CPU
		{F43B3168-4CA2-4CB8-9FD4-B88E09538810}.Debug|x86.Build.0 = Debug|Any CPU
		{F43B3168-4CA2-4CB8-9FD4-B88E09538810}.Release|Any CPU.ActiveCfg = Release|Any CPU
		{F43B3168-4CA2-4CB8-9FD4-B88E09538810}.Release|Any CPU.Build.0 = Release|Any CPU
		{F43B3168-4CA2-4CB8-9FD4-B88E09538810}.Release|ARM64.ActiveCfg = Release|Any CPU
		{F43B3168-4CA2-4CB8-9FD4-B88E09538810}.Release|ARM64.Build.0 = Release|Any CPU
		{F43B3168-4CA2-4CB8-9FD4-B88E09538810}.Release|x64.ActiveCfg = Release|Any CPU
		{F43B3168-4CA2-4CB8-9FD4-B88E09538810}.Release|x64.Build.0 = Release|Any CPU
		{F43B3168-4CA2-4CB8-9FD4-B88E09538810}.Release|x86.ActiveCfg = Release|Any CPU
		{F43B3168-4CA2-4CB8-9FD4-B88E09538810}.Release|x86.Build.0 = Release|Any CPU
		{FFEE4B60-A2AD-4BEE-882C-159A8B9A4CFC}.Debug|Any CPU.ActiveCfg = Debug|Any CPU
		{FFEE4B60-A2AD-4BEE-882C-159A8B9A4CFC}.Debug|Any CPU.Build.0 = Debug|Any CPU
		{FFEE4B60-A2AD-4BEE-882C-159A8B9A4CFC}.Debug|ARM64.ActiveCfg = Debug|Any CPU
		{FFEE4B60-A2AD-4BEE-882C-159A8B9A4CFC}.Debug|ARM64.Build.0 = Debug|Any CPU
		{FFEE4B60-A2AD-4BEE-882C-159A8B9A4CFC}.Debug|x64.ActiveCfg = Debug|Any CPU
		{FFEE4B60-A2AD-4BEE-882C-159A8B9A4CFC}.Debug|x64.Build.0 = Debug|Any CPU
		{FFEE4B60-A2AD-4BEE-882C-159A8B9A4CFC}.Debug|x86.ActiveCfg = Debug|Any CPU
		{FFEE4B60-A2AD-4BEE-882C-159A8B9A4CFC}.Debug|x86.Build.0 = Debug|Any CPU
		{FFEE4B60-A2AD-4BEE-882C-159A8B9A4CFC}.Release|Any CPU.ActiveCfg = Release|Any CPU
		{FFEE4B60-A2AD-4BEE-882C-159A8B9A4CFC}.Release|Any CPU.Build.0 = Release|Any CPU
		{FFEE4B60-A2AD-4BEE-882C-159A8B9A4CFC}.Release|ARM64.ActiveCfg = Release|Any CPU
		{FFEE4B60-A2AD-4BEE-882C-159A8B9A4CFC}.Release|ARM64.Build.0 = Release|Any CPU
		{FFEE4B60-A2AD-4BEE-882C-159A8B9A4CFC}.Release|x64.ActiveCfg = Release|Any CPU
		{FFEE4B60-A2AD-4BEE-882C-159A8B9A4CFC}.Release|x64.Build.0 = Release|Any CPU
		{FFEE4B60-A2AD-4BEE-882C-159A8B9A4CFC}.Release|x86.ActiveCfg = Release|Any CPU
		{FFEE4B60-A2AD-4BEE-882C-159A8B9A4CFC}.Release|x86.Build.0 = Release|Any CPU
		{BB7627F0-D02A-4122-BE38-2F9D7E545F0C}.Debug|Any CPU.ActiveCfg = Debug|Any CPU
		{BB7627F0-D02A-4122-BE38-2F9D7E545F0C}.Debug|Any CPU.Build.0 = Debug|Any CPU
		{BB7627F0-D02A-4122-BE38-2F9D7E545F0C}.Debug|ARM64.ActiveCfg = Debug|Any CPU
		{BB7627F0-D02A-4122-BE38-2F9D7E545F0C}.Debug|ARM64.Build.0 = Debug|Any CPU
		{BB7627F0-D02A-4122-BE38-2F9D7E545F0C}.Debug|x64.ActiveCfg = Debug|Any CPU
		{BB7627F0-D02A-4122-BE38-2F9D7E545F0C}.Debug|x64.Build.0 = Debug|Any CPU
		{BB7627F0-D02A-4122-BE38-2F9D7E545F0C}.Debug|x86.ActiveCfg = Debug|Any CPU
		{BB7627F0-D02A-4122-BE38-2F9D7E545F0C}.Debug|x86.Build.0 = Debug|Any CPU
		{BB7627F0-D02A-4122-BE38-2F9D7E545F0C}.Release|Any CPU.ActiveCfg = Release|Any CPU
		{BB7627F0-D02A-4122-BE38-2F9D7E545F0C}.Release|Any CPU.Build.0 = Release|Any CPU
		{BB7627F0-D02A-4122-BE38-2F9D7E545F0C}.Release|ARM64.ActiveCfg = Release|Any CPU
		{BB7627F0-D02A-4122-BE38-2F9D7E545F0C}.Release|ARM64.Build.0 = Release|Any CPU
		{BB7627F0-D02A-4122-BE38-2F9D7E545F0C}.Release|x64.ActiveCfg = Release|Any CPU
		{BB7627F0-D02A-4122-BE38-2F9D7E545F0C}.Release|x64.Build.0 = Release|Any CPU
		{BB7627F0-D02A-4122-BE38-2F9D7E545F0C}.Release|x86.ActiveCfg = Release|Any CPU
		{BB7627F0-D02A-4122-BE38-2F9D7E545F0C}.Release|x86.Build.0 = Release|Any CPU
		{D33111C4-C355-483E-81EB-C02F83B1F4E2}.Debug|Any CPU.ActiveCfg = Debug|Any CPU
		{D33111C4-C355-483E-81EB-C02F83B1F4E2}.Debug|Any CPU.Build.0 = Debug|Any CPU
		{D33111C4-C355-483E-81EB-C02F83B1F4E2}.Debug|ARM64.ActiveCfg = Debug|Any CPU
		{D33111C4-C355-483E-81EB-C02F83B1F4E2}.Debug|ARM64.Build.0 = Debug|Any CPU
		{D33111C4-C355-483E-81EB-C02F83B1F4E2}.Debug|x64.ActiveCfg = Debug|Any CPU
		{D33111C4-C355-483E-81EB-C02F83B1F4E2}.Debug|x64.Build.0 = Debug|Any CPU
		{D33111C4-C355-483E-81EB-C02F83B1F4E2}.Debug|x86.ActiveCfg = Debug|Any CPU
		{D33111C4-C355-483E-81EB-C02F83B1F4E2}.Debug|x86.Build.0 = Debug|Any CPU
		{D33111C4-C355-483E-81EB-C02F83B1F4E2}.Release|Any CPU.ActiveCfg = Release|Any CPU
		{D33111C4-C355-483E-81EB-C02F83B1F4E2}.Release|Any CPU.Build.0 = Release|Any CPU
		{D33111C4-C355-483E-81EB-C02F83B1F4E2}.Release|ARM64.ActiveCfg = Release|Any CPU
		{D33111C4-C355-483E-81EB-C02F83B1F4E2}.Release|ARM64.Build.0 = Release|Any CPU
		{D33111C4-C355-483E-81EB-C02F83B1F4E2}.Release|x64.ActiveCfg = Release|Any CPU
		{D33111C4-C355-483E-81EB-C02F83B1F4E2}.Release|x64.Build.0 = Release|Any CPU
		{D33111C4-C355-483E-81EB-C02F83B1F4E2}.Release|x86.ActiveCfg = Release|Any CPU
		{D33111C4-C355-483E-81EB-C02F83B1F4E2}.Release|x86.Build.0 = Release|Any CPU
		{320BB4CC-3A5D-41AE-8348-FBD2DFBE5B19}.Debug|Any CPU.ActiveCfg = Debug|x64
		{320BB4CC-3A5D-41AE-8348-FBD2DFBE5B19}.Debug|Any CPU.Build.0 = Debug|x64
		{320BB4CC-3A5D-41AE-8348-FBD2DFBE5B19}.Debug|Any CPU.Deploy.0 = Debug|x64
		{320BB4CC-3A5D-41AE-8348-FBD2DFBE5B19}.Debug|ARM64.ActiveCfg = Debug|ARM64
		{320BB4CC-3A5D-41AE-8348-FBD2DFBE5B19}.Debug|ARM64.Build.0 = Debug|ARM64
		{320BB4CC-3A5D-41AE-8348-FBD2DFBE5B19}.Debug|ARM64.Deploy.0 = Debug|ARM64
		{320BB4CC-3A5D-41AE-8348-FBD2DFBE5B19}.Debug|x64.ActiveCfg = Debug|x64
		{320BB4CC-3A5D-41AE-8348-FBD2DFBE5B19}.Debug|x64.Build.0 = Debug|x64
		{320BB4CC-3A5D-41AE-8348-FBD2DFBE5B19}.Debug|x64.Deploy.0 = Debug|x64
		{320BB4CC-3A5D-41AE-8348-FBD2DFBE5B19}.Debug|x86.ActiveCfg = Debug|x86
		{320BB4CC-3A5D-41AE-8348-FBD2DFBE5B19}.Debug|x86.Build.0 = Debug|x86
		{320BB4CC-3A5D-41AE-8348-FBD2DFBE5B19}.Debug|x86.Deploy.0 = Debug|x86
		{320BB4CC-3A5D-41AE-8348-FBD2DFBE5B19}.Release|Any CPU.ActiveCfg = Release|x64
		{320BB4CC-3A5D-41AE-8348-FBD2DFBE5B19}.Release|Any CPU.Build.0 = Release|x64
		{320BB4CC-3A5D-41AE-8348-FBD2DFBE5B19}.Release|Any CPU.Deploy.0 = Release|x64
		{320BB4CC-3A5D-41AE-8348-FBD2DFBE5B19}.Release|ARM64.ActiveCfg = Release|ARM64
		{320BB4CC-3A5D-41AE-8348-FBD2DFBE5B19}.Release|ARM64.Build.0 = Release|ARM64
		{320BB4CC-3A5D-41AE-8348-FBD2DFBE5B19}.Release|ARM64.Deploy.0 = Release|ARM64
		{320BB4CC-3A5D-41AE-8348-FBD2DFBE5B19}.Release|x64.ActiveCfg = Release|x64
		{320BB4CC-3A5D-41AE-8348-FBD2DFBE5B19}.Release|x64.Build.0 = Release|x64
		{320BB4CC-3A5D-41AE-8348-FBD2DFBE5B19}.Release|x64.Deploy.0 = Release|x64
		{320BB4CC-3A5D-41AE-8348-FBD2DFBE5B19}.Release|x86.ActiveCfg = Release|x86
		{320BB4CC-3A5D-41AE-8348-FBD2DFBE5B19}.Release|x86.Build.0 = Release|x86
		{320BB4CC-3A5D-41AE-8348-FBD2DFBE5B19}.Release|x86.Deploy.0 = Release|x86
		{06896A70-95D9-45ED-A92C-86654586830D}.Debug|Any CPU.ActiveCfg = Debug|Any CPU
		{06896A70-95D9-45ED-A92C-86654586830D}.Debug|Any CPU.Build.0 = Debug|Any CPU
		{06896A70-95D9-45ED-A92C-86654586830D}.Debug|ARM64.ActiveCfg = Debug|Any CPU
		{06896A70-95D9-45ED-A92C-86654586830D}.Debug|ARM64.Build.0 = Debug|Any CPU
		{06896A70-95D9-45ED-A92C-86654586830D}.Debug|x64.ActiveCfg = Debug|Any CPU
		{06896A70-95D9-45ED-A92C-86654586830D}.Debug|x64.Build.0 = Debug|Any CPU
		{06896A70-95D9-45ED-A92C-86654586830D}.Debug|x86.ActiveCfg = Debug|Any CPU
		{06896A70-95D9-45ED-A92C-86654586830D}.Debug|x86.Build.0 = Debug|Any CPU
		{06896A70-95D9-45ED-A92C-86654586830D}.Release|Any CPU.ActiveCfg = Release|Any CPU
		{06896A70-95D9-45ED-A92C-86654586830D}.Release|Any CPU.Build.0 = Release|Any CPU
		{06896A70-95D9-45ED-A92C-86654586830D}.Release|ARM64.ActiveCfg = Release|Any CPU
		{06896A70-95D9-45ED-A92C-86654586830D}.Release|ARM64.Build.0 = Release|Any CPU
		{06896A70-95D9-45ED-A92C-86654586830D}.Release|x64.ActiveCfg = Release|Any CPU
		{06896A70-95D9-45ED-A92C-86654586830D}.Release|x64.Build.0 = Release|Any CPU
		{06896A70-95D9-45ED-A92C-86654586830D}.Release|x86.ActiveCfg = Release|Any CPU
		{06896A70-95D9-45ED-A92C-86654586830D}.Release|x86.Build.0 = Release|Any CPU
	EndGlobalSection
	GlobalSection(SolutionProperties) = preSolution
		HideSolutionNode = FALSE
	EndGlobalSection
	GlobalSection(ExtensibilityGlobals) = postSolution
		SolutionGuid = {488742D9-C164-4E42-92D3-D534B1AD0093}
	EndGlobalSection
EndGlobal
